version = 1
revision = 2
requires-python = ">=3.10"

[[package]]
name = "av"
version = "12.3.0"
source = { registry = "https://pypi.org/simple" }
sdist = { url = "https://files.pythonhosted.org/packages/00/f8/5adeeae0c42a7130933d168b8d84a21c98a32cb9fcf9222e2541ed0d9c7b/av-12.3.0.tar.gz", hash = "sha256:04b1892562aff3277efc79f32bd8f1d0cbb64ed011241cb3e96f9ad471816c22", size = 3833953, upload_time = "2024-07-21T04:02:43.708Z" }
wheels = [
    { url = "https://files.pythonhosted.org/packages/53/57/414fe243152ef3f5a364f3e0137c16fbfe67c3f096eac1dc49d614de8f98/av-12.3.0-cp310-cp310-macosx_10_13_x86_64.whl", hash = "sha256:b3b1fe6b5ab9af2d09dcdcc5473a3523f7162c3fa0c6b3c379b697fede1e88a5", size = 24663048, upload_time = "2024-07-21T04:00:21.192Z" },
    { url = "https://files.pythonhosted.org/packages/15/e8/8795c6cf7d4ef34b30690b3e1601982c6ce9ec8c42a681fff5791a4c4ca9/av-12.3.0-cp310-cp310-macosx_11_0_arm64.whl", hash = "sha256:b5f92ba67dca9bac8ce955b09d41e7e92977199adbd0f2aff02653bb40b0ac16", size = 19930356, upload_time = "2024-07-21T04:00:24.785Z" },
    { url = "https://files.pythonhosted.org/packages/f9/90/6e0340af495b1028be90fae4793900df9853732e38003a795a14bb52dee5/av-12.3.0-cp310-cp310-manylinux_2_17_aarch64.manylinux2014_aarch64.whl", hash = "sha256:3389eebd1f5bb36ebfaa8441c65c14d7433b354d91f9dbb08a6e6225d16a7226", size = 31623727, upload_time = "2024-07-21T04:00:27.819Z" },
    { url = "https://files.pythonhosted.org/packages/0a/d1/34d69a00405e0c58059431b24e8abbf2861446b740eb1813c1569a0b7467/av-12.3.0-cp310-cp310-manylinux_2_17_i686.manylinux2014_i686.whl", hash = "sha256:385b27638bc56fd1560be3b9e86b5cc843cae931503a02e6e504c0357176873e", size = 31126299, upload_time = "2024-07-21T04:00:30.976Z" },
    { url = "https://files.pythonhosted.org/packages/0a/5f/5ab859d8770ac1203d492e418cf949cfcac5c25994e9754c536fb37578fc/av-12.3.0-cp310-cp310-manylinux_2_17_x86_64.manylinux2014_x86_64.whl", hash = "sha256:0220fce2a62d71cc5e89617419b6224ddb43f1753b00f68b5c9af8b5f41d38c9", size = 33490936, upload_time = "2024-07-21T04:00:33.782Z" },
    { url = "https://files.pythonhosted.org/packages/39/6f/46a468053c8ae594c91a385f2323ade83746e03ba11ba14fb79db61a23ff/av-12.3.0-cp310-cp310-win_amd64.whl", hash = "sha256:8328c90f783b3392279a2d3a79789267691f5e5f7c4a160990a41194d268ec59", size = 25973279, upload_time = "2024-07-21T04:00:36.657Z" },
    { url = "https://files.pythonhosted.org/packages/5d/20/256fa4fc4ef9bb46fdc4be4662e13a30b0334487c955961f3816d94db04b/av-12.3.0-cp311-cp311-macosx_10_13_x86_64.whl", hash = "sha256:cc06a806419fddc7102150ffe353c7d96b99b95fd12864280c91c851603fd4cb", size = 24658122, upload_time = "2024-07-21T04:00:39.882Z" },
    { url = "https://files.pythonhosted.org/packages/5d/45/a9d0475539b4f49deb34f3da558de31cefc6be867d5c0603d575a8485069/av-12.3.0-cp311-cp311-macosx_11_0_arm64.whl", hash = "sha256:8e2130ff622a574d3d5d6e88ac335efcdd98c375bb341f87d9fe540830a746f5", size = 19923068, upload_time = "2024-07-21T04:00:42.674Z" },
    { url = "https://files.pythonhosted.org/packages/af/27/1f2b3e46059c6618fd76ba12a96b49dc8515a426cd477032cd33f80505e8/av-12.3.0-cp311-cp311-manylinux_2_17_aarch64.manylinux2014_aarch64.whl", hash = "sha256:8e8b9bd99f916ff4d1278654e94658e6ace7ca60f6321f254d09c8cd81d9095b", size = 32555100, upload_time = "2024-07-21T04:00:45.759Z" },
    { url = "https://files.pythonhosted.org/packages/28/34/759741d397a8bdbb8a359b8b5d49832a444b26c9a7f79c0f88be76a6b979/av-12.3.0-cp311-cp311-manylinux_2_17_i686.manylinux2014_i686.whl", hash = "sha256:9e375d1d89a5c6edfd9f66701fdb6cc9161cc1ff99d15ff0bda21ee1ad38e9e0", size = 31936355, upload_time = "2024-07-21T04:00:48.837Z" },
    { url = "https://files.pythonhosted.org/packages/b4/6e/77426cb92117c941b0f759908bc83f34f259b11b353acb5de95972b452f7/av-12.3.0-cp311-cp311-manylinux_2_17_x86_64.manylinux2014_x86_64.whl", hash = "sha256:ef9066fd8d86548e12d587cbfe7b852159e48ff3c732271c3032668d4bd7c599", size = 34416598, upload_time = "2024-07-21T04:00:52.146Z" },
    { url = "https://files.pythonhosted.org/packages/ff/d3/4b0fddcd54d0a88ee7e035f239ebb56ce139fac8e02ee0942c43746a66ff/av-12.3.0-cp311-cp311-win_amd64.whl", hash = "sha256:bfaa9864560e43d45d254ed95f70ab1aab24a2fa0cc35ac99eef362f1453bec0", size = 25975217, upload_time = "2024-07-21T04:00:55.724Z" },
    { url = "https://files.pythonhosted.org/packages/e4/c1/0636bccf5a1a2c935952614b9d34d8d8aae078c9773a60efb5376702f499/av-12.3.0-cp312-cp312-macosx_10_13_x86_64.whl", hash = "sha256:5174e995772ebe33561980dca625f830aea8d39a4338728dedb41ae7dc2605af", size = 24669628, upload_time = "2024-07-21T04:00:58.643Z" },
    { url = "https://files.pythonhosted.org/packages/ef/7d/9126abdafe20fa73d2c19fd108450363253cfea283c350618cc1434f473c/av-12.3.0-cp312-cp312-macosx_11_0_arm64.whl", hash = "sha256:028d8b40308536f740dace3efd0178eb96825b414897c9594fb74136532901cb", size = 19928928, upload_time = "2024-07-21T04:01:01.506Z" },
    { url = "https://files.pythonhosted.org/packages/27/75/c1b9e0aa4bd0d8b8311f366b6b38f6c6600d66baddfe2888accc7f76b1f5/av-12.3.0-cp312-cp312-manylinux_2_17_aarch64.manylinux2014_aarch64.whl", hash = "sha256:b030791ecc6185776d832d19ce196f61daf3e17e591a9bb6fd181280e1754138", size = 32793461, upload_time = "2024-07-21T04:01:04.62Z" },
    { url = "https://files.pythonhosted.org/packages/5a/06/1364c445f8a8ab4870f0f5c4530b496257ae09de7fa01b6108525abea8b9/av-12.3.0-cp312-cp312-manylinux_2_17_i686.manylinux2014_i686.whl", hash = "sha256:a3703a35481fda5798a27bf6208c1ec3b61c18931625771fb3c9fd870539c7d7", size = 32217647, upload_time = "2024-07-21T04:01:07.549Z" },
    { url = "https://files.pythonhosted.org/packages/27/08/220d5a1ae7e7830d66d041c71e607c1f5df2e3598b12fb406b0d7c2defa7/av-12.3.0-cp312-cp312-manylinux_2_17_x86_64.manylinux2014_x86_64.whl", hash = "sha256:32f3eef56b2df289db6105f9fe2ebc9a8134a8adbd62190daeb8e22c4ff47794", size = 34746451, upload_time = "2024-07-21T04:01:10.506Z" },
    { url = "https://files.pythonhosted.org/packages/96/67/9f1c444864d4f3e3773100b9ed20e670f80d5575b7a8fd53cca20de9d681/av-12.3.0-cp312-cp312-win_amd64.whl", hash = "sha256:62d036ee8321d67190887012c3dbcd1ad83248603cc29ea75fbb75835b8d6e6e", size = 25977611, upload_time = "2024-07-21T04:01:13.709Z" },
    { url = "https://files.pythonhosted.org/packages/e2/63/e1b22a63404a22bf49a981e2386f33a2d7fd7c1fe1087cca34cc06652b40/av-12.3.0-pp310-pypy310_pp73-macosx_10_15_x86_64.whl", hash = "sha256:e47ba817fcd46c9f2c94d638abcdeda120adedcd09605984a5cee844f739a833", size = 24271362, upload_time = "2024-07-21T04:01:53.531Z" },
    { url = "https://files.pythonhosted.org/packages/64/08/16c8a6a0a1df2a651c0124368e470df85f3086cf98624f6698706f91e717/av-12.3.0-pp310-pypy310_pp73-macosx_11_0_arm64.whl", hash = "sha256:b456cbb7ddd252f0f2db06a09dc10ade201e82e0eb8d3a7b609689907b2802df", size = 19575368, upload_time = "2024-07-21T04:01:56.674Z" },
    { url = "https://files.pythonhosted.org/packages/eb/6b/18369c3cb78f6aaadcbf7c94683d75c2cefaf79962016ffbf6d0d1b21b22/av-12.3.0-pp310-pypy310_pp73-manylinux_2_17_aarch64.manylinux2014_aarch64.whl", hash = "sha256:50ccb92605d59732d2a2923786a5dba746a98c5fd6b4d30a5975785673c42c9e", size = 23344574, upload_time = "2024-07-21T04:01:59.332Z" },
    { url = "https://files.pythonhosted.org/packages/40/61/f26be7deb3675f15925f6006d9f0a2937a5cb15a176b32935eaac8ecaeff/av-12.3.0-pp310-pypy310_pp73-manylinux_2_17_i686.manylinux2014_i686.whl", hash = "sha256:061b15203f22e95c60b1cc14702618acbf18e976cf3144298e2f6dc89b7aa993", size = 23272262, upload_time = "2024-07-21T04:02:01.838Z" },
    { url = "https://files.pythonhosted.org/packages/e9/3f/fb6ac8f1df45ff06155e0850e53d944536966d0564e0b0f5b839e67352cb/av-12.3.0-pp310-pypy310_pp73-manylinux_2_17_x86_64.manylinux2014_x86_64.whl", hash = "sha256:65849ca4e54f2d50ed263ab488ef051bd973cbdbe2a7c947b31ff965bb7bfddd", size = 25186971, upload_time = "2024-07-21T04:02:05.239Z" },
    { url = "https://files.pythonhosted.org/packages/94/d7/7b1a9b9c2321cb0dcd093d6dca6a038c5bef27784fb5a58d2798a56459cf/av-12.3.0-pp310-pypy310_pp73-win_amd64.whl", hash = "sha256:18e915ca9001f9491cb4091fe6ca0744a48da20412be44f71bbfc641efbf518f", size = 25757707, upload_time = "2024-07-21T04:02:08.286Z" },
]

[[package]]
name = "colorama"
version = "0.4.6"
source = { registry = "https://pypi.org/simple" }
sdist = { url = "https://files.pythonhosted.org/packages/d8/53/6f443c9a4a8358a93a6792e2acffb9d9d5cb0a5cfd8802644b7b1c9a02e4/colorama-0.4.6.tar.gz", hash = "sha256:08695f5cb7ed6e0531a20572697297273c47b8cae5a63ffc6d6ed5c201be6e44", size = 27697, upload_time = "2022-10-25T02:36:22.414Z" }
wheels = [
    { url = "https://files.pythonhosted.org/packages/d1/d6/3965ed04c63042e047cb6a3e6ed1a63a35087b6a609aa3a15ed8ac56c221/colorama-0.4.6-py2.py3-none-any.whl", hash = "sha256:4f1d9991f5acc0ca119f9d443620b77f9d6b33703e51011c16baf57afb285fc6", size = 25335, upload_time = "2022-10-25T02:36:20.889Z" },
]

[[package]]
name = "numpy"
version = "1.26.4"
source = { registry = "https://pypi.org/simple" }
sdist = { url = "https://files.pythonhosted.org/packages/65/6e/09db70a523a96d25e115e71cc56a6f9031e7b8cd166c1ac8438307c14058/numpy-1.26.4.tar.gz", hash = "sha256:2a02aba9ed12e4ac4eb3ea9421c420301a0c6460d9830d74a9df87efa4912010", size = 15786129, upload_time = "2024-02-06T00:26:44.495Z" }
wheels = [
    { url = "https://files.pythonhosted.org/packages/a7/94/ace0fdea5241a27d13543ee117cbc65868e82213fb31a8eb7fe9ff23f313/numpy-1.26.4-cp310-cp310-macosx_10_9_x86_64.whl", hash = "sha256:9ff0f4f29c51e2803569d7a51c2304de5554655a60c5d776e35b4a41413830d0", size = 20631468, upload_time = "2024-02-05T23:48:01.194Z" },
    { url = "https://files.pythonhosted.org/packages/20/f7/b24208eba89f9d1b58c1668bc6c8c4fd472b20c45573cb767f59d49fb0f6/numpy-1.26.4-cp310-cp310-macosx_11_0_arm64.whl", hash = "sha256:2e4ee3380d6de9c9ec04745830fd9e2eccb3e6cf790d39d7b98ffd19b0dd754a", size = 13966411, upload_time = "2024-02-05T23:48:29.038Z" },
    { url = "https://files.pythonhosted.org/packages/fc/a5/4beee6488160798683eed5bdb7eead455892c3b4e1f78d79d8d3f3b084ac/numpy-1.26.4-cp310-cp310-manylinux_2_17_aarch64.manylinux2014_aarch64.whl", hash = "sha256:d209d8969599b27ad20994c8e41936ee0964e6da07478d6c35016bc386b66ad4", size = 14219016, upload_time = "2024-02-05T23:48:54.098Z" },
    { url = "https://files.pythonhosted.org/packages/4b/d7/ecf66c1cd12dc28b4040b15ab4d17b773b87fa9d29ca16125de01adb36cd/numpy-1.26.4-cp310-cp310-manylinux_2_17_x86_64.manylinux2014_x86_64.whl", hash = "sha256:ffa75af20b44f8dba823498024771d5ac50620e6915abac414251bd971b4529f", size = 18240889, upload_time = "2024-02-05T23:49:25.361Z" },
    { url = "https://files.pythonhosted.org/packages/24/03/6f229fe3187546435c4f6f89f6d26c129d4f5bed40552899fcf1f0bf9e50/numpy-1.26.4-cp310-cp310-musllinux_1_1_aarch64.whl", hash = "sha256:62b8e4b1e28009ef2846b4c7852046736bab361f7aeadeb6a5b89ebec3c7055a", size = 13876746, upload_time = "2024-02-05T23:49:51.983Z" },
    { url = "https://files.pythonhosted.org/packages/39/fe/39ada9b094f01f5a35486577c848fe274e374bbf8d8f472e1423a0bbd26d/numpy-1.26.4-cp310-cp310-musllinux_1_1_x86_64.whl", hash = "sha256:a4abb4f9001ad2858e7ac189089c42178fcce737e4169dc61321660f1a96c7d2", size = 18078620, upload_time = "2024-02-05T23:50:22.515Z" },
    { url = "https://files.pythonhosted.org/packages/d5/ef/6ad11d51197aad206a9ad2286dc1aac6a378059e06e8cf22cd08ed4f20dc/numpy-1.26.4-cp310-cp310-win32.whl", hash = "sha256:bfe25acf8b437eb2a8b2d49d443800a5f18508cd811fea3181723922a8a82b07", size = 5972659, upload_time = "2024-02-05T23:50:35.834Z" },
    { url = "https://files.pythonhosted.org/packages/19/77/538f202862b9183f54108557bfda67e17603fc560c384559e769321c9d92/numpy-1.26.4-cp310-cp310-win_amd64.whl", hash = "sha256:b97fe8060236edf3662adfc2c633f56a08ae30560c56310562cb4f95500022d5", size = 15808905, upload_time = "2024-02-05T23:51:03.701Z" },
    { url = "https://files.pythonhosted.org/packages/11/57/baae43d14fe163fa0e4c47f307b6b2511ab8d7d30177c491960504252053/numpy-1.26.4-cp311-cp311-macosx_10_9_x86_64.whl", hash = "sha256:4c66707fabe114439db9068ee468c26bbdf909cac0fb58686a42a24de1760c71", size = 20630554, upload_time = "2024-02-05T23:51:50.149Z" },
    { url = "https://files.pythonhosted.org/packages/1a/2e/151484f49fd03944c4a3ad9c418ed193cfd02724e138ac8a9505d056c582/numpy-1.26.4-cp311-cp311-macosx_11_0_arm64.whl", hash = "sha256:edd8b5fe47dab091176d21bb6de568acdd906d1887a4584a15a9a96a1dca06ef", size = 13997127, upload_time = "2024-02-05T23:52:15.314Z" },
    { url = "https://files.pythonhosted.org/packages/79/ae/7e5b85136806f9dadf4878bf73cf223fe5c2636818ba3ab1c585d0403164/numpy-1.26.4-cp311-cp311-manylinux_2_17_aarch64.manylinux2014_aarch64.whl", hash = "sha256:7ab55401287bfec946ced39700c053796e7cc0e3acbef09993a9ad2adba6ca6e", size = 14222994, upload_time = "2024-02-05T23:52:47.569Z" },
    { url = "https://files.pythonhosted.org/packages/3a/d0/edc009c27b406c4f9cbc79274d6e46d634d139075492ad055e3d68445925/numpy-1.26.4-cp311-cp311-manylinux_2_17_x86_64.manylinux2014_x86_64.whl", hash = "sha256:666dbfb6ec68962c033a450943ded891bed2d54e6755e35e5835d63f4f6931d5", size = 18252005, upload_time = "2024-02-05T23:53:15.637Z" },
    { url = "https://files.pythonhosted.org/packages/09/bf/2b1aaf8f525f2923ff6cfcf134ae5e750e279ac65ebf386c75a0cf6da06a/numpy-1.26.4-cp311-cp311-musllinux_1_1_aarch64.whl", hash = "sha256:96ff0b2ad353d8f990b63294c8986f1ec3cb19d749234014f4e7eb0112ceba5a", size = 13885297, upload_time = "2024-02-05T23:53:42.16Z" },
    { url = "https://files.pythonhosted.org/packages/df/a0/4e0f14d847cfc2a633a1c8621d00724f3206cfeddeb66d35698c4e2cf3d2/numpy-1.26.4-cp311-cp311-musllinux_1_1_x86_64.whl", hash = "sha256:60dedbb91afcbfdc9bc0b1f3f402804070deed7392c23eb7a7f07fa857868e8a", size = 18093567, upload_time = "2024-02-05T23:54:11.696Z" },
    { url = "https://files.pythonhosted.org/packages/d2/b7/a734c733286e10a7f1a8ad1ae8c90f2d33bf604a96548e0a4a3a6739b468/numpy-1.26.4-cp311-cp311-win32.whl", hash = "sha256:1af303d6b2210eb850fcf03064d364652b7120803a0b872f5211f5234b399f20", size = 5968812, upload_time = "2024-02-05T23:54:26.453Z" },
    { url = "https://files.pythonhosted.org/packages/3f/6b/5610004206cf7f8e7ad91c5a85a8c71b2f2f8051a0c0c4d5916b76d6cbb2/numpy-1.26.4-cp311-cp311-win_amd64.whl", hash = "sha256:cd25bcecc4974d09257ffcd1f098ee778f7834c3ad767fe5db785be9a4aa9cb2", size = 15811913, upload_time = "2024-02-05T23:54:53.933Z" },
    { url = "https://files.pythonhosted.org/packages/95/12/8f2020a8e8b8383ac0177dc9570aad031a3beb12e38847f7129bacd96228/numpy-1.26.4-cp312-cp312-macosx_10_9_x86_64.whl", hash = "sha256:b3ce300f3644fb06443ee2222c2201dd3a89ea6040541412b8fa189341847218", size = 20335901, upload_time = "2024-02-05T23:55:32.801Z" },
    { url = "https://files.pythonhosted.org/packages/75/5b/ca6c8bd14007e5ca171c7c03102d17b4f4e0ceb53957e8c44343a9546dcc/numpy-1.26.4-cp312-cp312-macosx_11_0_arm64.whl", hash = "sha256:03a8c78d01d9781b28a6989f6fa1bb2c4f2d51201cf99d3dd875df6fbd96b23b", size = 13685868, upload_time = "2024-02-05T23:55:56.28Z" },
    { url = "https://files.pythonhosted.org/packages/79/f8/97f10e6755e2a7d027ca783f63044d5b1bc1ae7acb12afe6a9b4286eac17/numpy-1.26.4-cp312-cp312-manylinux_2_17_aarch64.manylinux2014_aarch64.whl", hash = "sha256:9fad7dcb1aac3c7f0584a5a8133e3a43eeb2fe127f47e3632d43d677c66c102b", size = 13925109, upload_time = "2024-02-05T23:56:20.368Z" },
    { url = "https://files.pythonhosted.org/packages/0f/50/de23fde84e45f5c4fda2488c759b69990fd4512387a8632860f3ac9cd225/numpy-1.26.4-cp312-cp312-manylinux_2_17_x86_64.manylinux2014_x86_64.whl", hash = "sha256:675d61ffbfa78604709862923189bad94014bef562cc35cf61d3a07bba02a7ed", size = 17950613, upload_time = "2024-02-05T23:56:56.054Z" },
    { url = "https://files.pythonhosted.org/packages/4c/0c/9c603826b6465e82591e05ca230dfc13376da512b25ccd0894709b054ed0/numpy-1.26.4-cp312-cp312-musllinux_1_1_aarch64.whl", hash = "sha256:ab47dbe5cc8210f55aa58e4805fe224dac469cde56b9f731a4c098b91917159a", size = 13572172, upload_time = "2024-02-05T23:57:21.56Z" },
    { url = "https://files.pythonhosted.org/packages/76/8c/2ba3902e1a0fc1c74962ea9bb33a534bb05984ad7ff9515bf8d07527cadd/numpy-1.26.4-cp312-cp312-musllinux_1_1_x86_64.whl", hash = "sha256:1dda2e7b4ec9dd512f84935c5f126c8bd8b9f2fc001e9f54af255e8c5f16b0e0", size = 17786643, upload_time = "2024-02-05T23:57:56.585Z" },
    { url = "https://files.pythonhosted.org/packages/28/4a/46d9e65106879492374999e76eb85f87b15328e06bd1550668f79f7b18c6/numpy-1.26.4-cp312-cp312-win32.whl", hash = "sha256:50193e430acfc1346175fcbdaa28ffec49947a06918b7b92130744e81e640110", size = 5677803, upload_time = "2024-02-05T23:58:08.963Z" },
    { url = "https://files.pythonhosted.org/packages/16/2e/86f24451c2d530c88daf997cb8d6ac622c1d40d19f5a031ed68a4b73a374/numpy-1.26.4-cp312-cp312-win_amd64.whl", hash = "sha256:08beddf13648eb95f8d867350f6a018a4be2e5ad54c8d8caed89ebca558b2818", size = 15517754, upload_time = "2024-02-05T23:58:36.364Z" },
]

[[package]]
name = "smartcut"
version = "0.1.0"
source = { virtual = "." }
dependencies = [
    { name = "av" },
    { name = "numpy" },
    { name = "tqdm" },
]

[package.metadata]
requires-dist = [
    { name = "av", specifier = "==12.3.0" },
    { name = "numpy", specifier = "<2.0.0" },
    { name = "tqdm", specifier = ">=4.67.1" },
]

[[package]]
name = "tqdm"
version = "4.67.1"
source = { registry = "https://pypi.org/simple" }
dependencies = [
    { name = "colorama", marker = "sys_platform == 'win32'" },
]
sdist = { url = "https://files.pythonhosted.org/packages/a8/4b/29b4ef32e036bb34e4ab51796dd745cdba7ed47ad142a9f4a1eb8e0c744d/tqdm-4.67.1.tar.gz", hash = "sha256:f8aef9c52c08c13a65f30ea34f4e5aac3fd1a34959879d7e59e63027286627f2", size = 169737, upload_time = "2024-11-24T20:12:22.481Z" }
wheels = [
    { url = "https://files.pythonhosted.org/packages/d0/30/dc54f88dd4a2b5dc8a0279bdd7270e735851848b762aeb1c1184ed1f6b14/tqdm-4.67.1-py3-none-any.whl", hash = "sha256:26445eca388f82e72884e0d580d5464cd801a3ea01e63e5601bdff9ba6a48de2", size = 78540, upload_time = "2024-11-24T20:12:19.698Z" },
]
